// !$*UTF8*$!
{
	archiveVersion = 1;
	classes = {
	};
	objectVersion = 56;
	objects = {

/* Begin PBXBuildFile section */
		2D68586F2AA7529900A6A4FE /* EmptyListView.swift in Sources */ = {isa = PBXBuildFile; fileRef = 2D68586E2AA7529900A6A4FE /* EmptyListView.swift */; };
		2DFBD7A52AA7436800BA5EBE /* ListOfExpensesApp.swift in Sources */ = {isa = PBXBuildFile; fileRef = 2DFBD7A42AA7436800BA5EBE /* ListOfExpensesApp.swift */; };
		2DFBD7A92AA7436A00BA5EBE /* Assets.xcassets in Resources */ = {isa = PBXBuildFile; fileRef = 2DFBD7A82AA7436A00BA5EBE /* Assets.xcassets */; };
		2DFBD7AC2AA7436A00BA5EBE /* Preview Assets.xcassets in Resources */ = {isa = PBXBuildFile; fileRef = 2DFBD7AB2AA7436A00BA5EBE /* Preview Assets.xcassets */; };
		2DFBD7BD2AA7466700BA5EBE /* Rubik-Bold.ttf in Resources */ = {isa = PBXBuildFile; fileRef = 2DFBD7B72AA7466700BA5EBE /* Rubik-Bold.ttf */; };
		2DFBD7BE2AA7466700BA5EBE /* SIL Open Font License.txt in Resources */ = {isa = PBXBuildFile; fileRef = 2DFBD7B82AA7466700BA5EBE /* SIL Open Font License.txt */; };
		2DFBD7BF2AA7466700BA5EBE /* Rubik-Light.ttf in Resources */ = {isa = PBXBuildFile; fileRef = 2DFBD7B92AA7466700BA5EBE /* Rubik-Light.ttf */; };
		2DFBD7C02AA7466700BA5EBE /* Rubik-Medium.ttf in Resources */ = {isa = PBXBuildFile; fileRef = 2DFBD7BA2AA7466700BA5EBE /* Rubik-Medium.ttf */; };
		2DFBD7C12AA7466700BA5EBE /* Rubik-Black.ttf in Resources */ = {isa = PBXBuildFile; fileRef = 2DFBD7BB2AA7466700BA5EBE /* Rubik-Black.ttf */; };
		2DFBD7C22AA7466700BA5EBE /* Rubik-Regular.ttf in Resources */ = {isa = PBXBuildFile; fileRef = 2DFBD7BC2AA7466700BA5EBE /* Rubik-Regular.ttf */; };
		2DFBD7C52AA7470C00BA5EBE /* ItemModel.swift in Sources */ = {isa = PBXBuildFile; fileRef = 2DFBD7C42AA7470C00BA5EBE /* ItemModel.swift */; };
		2DFBD7C72AA7475E00BA5EBE /* ListViewModel.swift in Sources */ = {isa = PBXBuildFile; fileRef = 2DFBD7C62AA7475E00BA5EBE /* ListViewModel.swift */; };
		2DFBD7C92AA7479C00BA5EBE /* ListView.swift in Sources */ = {isa = PBXBuildFile; fileRef = 2DFBD7C82AA7479C00BA5EBE /* ListView.swift */; };
		2DFBD7CB2AA747E100BA5EBE /* ListRowView.swift in Sources */ = {isa = PBXBuildFile; fileRef = 2DFBD7CA2AA747E100BA5EBE /* ListRowView.swift */; };
		2DFBD7CD2AA7480600BA5EBE /* AddExpenseView.swift in Sources */ = {isa = PBXBuildFile; fileRef = 2DFBD7CC2AA7480600BA5EBE /* AddExpenseView.swift */; };
/* End PBXBuildFile section */

/* Begin PBXFileReference section */
		2D68586E2AA7529900A6A4FE /* EmptyListView.swift */ = {isa = PBXFileReference; lastKnownFileType = sourcecode.swift; path = EmptyListView.swift; sourceTree = "<group>"; };
		2DFBD7A12AA7436800BA5EBE /* ListOfExpenses.app */ = {isa = PBXFileReference; explicitFileType = wrapper.application; includeInIndex = 0; path = ListOfExpenses.app; sourceTree = BUILT_PRODUCTS_DIR; };
		2DFBD7A42AA7436800BA5EBE /* ListOfExpensesApp.swift */ = {isa = PBXFileReference; lastKnownFileType = sourcecode.swift; path = ListOfExpensesApp.swift; sourceTree = "<group>"; };
		2DFBD7A82AA7436A00BA5EBE /* Assets.xcassets */ = {isa = PBXFileReference; lastKnownFileType = folder.assetcatalog; path = Assets.xcassets; sourceTree = "<group>"; };
		2DFBD7AB2AA7436A00BA5EBE /* Preview Assets.xcassets */ = {isa = PBXFileReference; lastKnownFileType = folder.assetcatalog; path = "Preview Assets.xcassets"; sourceTree = "<group>"; };
		2DFBD7B72AA7466700BA5EBE /* Rubik-Bold.ttf */ = {isa = PBXFileReference; lastKnownFileType = file; path = "Rubik-Bold.ttf"; sourceTree = "<group>"; };
		2DFBD7B82AA7466700BA5EBE /* SIL Open Font License.txt */ = {isa = PBXFileReference; fileEncoding = 4; lastKnownFileType = text; path = "SIL Open Font License.txt"; sourceTree = "<group>"; };
		2DFBD7B92AA7466700BA5EBE /* Rubik-Light.ttf */ = {isa = PBXFileReference; lastKnownFileType = file; path = "Rubik-Light.ttf"; sourceTree = "<group>"; };
		2DFBD7BA2AA7466700BA5EBE /* Rubik-Medium.ttf */ = {isa = PBXFileReference; lastKnownFileType = file; path = "Rubik-Medium.ttf"; sourceTree = "<group>"; };
		2DFBD7BB2AA7466700BA5EBE /* Rubik-Black.ttf */ = {isa = PBXFileReference; lastKnownFileType = file; path = "Rubik-Black.ttf"; sourceTree = "<group>"; };
		2DFBD7BC2AA7466700BA5EBE /* Rubik-Regular.ttf */ = {isa = PBXFileReference; lastKnownFileType = file; path = "Rubik-Regular.ttf"; sourceTree = "<group>"; };
		2DFBD7C32AA7468000BA5EBE /* Info.plist */ = {isa = PBXFileReference; lastKnownFileType = text.plist; path = Info.plist; sourceTree = "<group>"; };
		2DFBD7C42AA7470C00BA5EBE /* ItemModel.swift */ = {isa = PBXFileReference; lastKnownFileType = sourcecode.swift; path = ItemModel.swift; sourceTree = "<group>"; };
		2DFBD7C62AA7475E00BA5EBE /* ListViewModel.swift */ = {isa = PBXFileReference; lastKnownFileType = sourcecode.swift; path = ListViewModel.swift; sourceTree = "<group>"; };
		2DFBD7C82AA7479C00BA5EBE /* ListView.swift */ = {isa = PBXFileReference; lastKnownFileType = sourcecode.swift; path = ListView.swift; sourceTree = "<group>"; };
		2DFBD7CA2AA747E100BA5EBE /* ListRowView.swift */ = {isa = PBXFileReference; lastKnownFileType = sourcecode.swift; path = ListRowView.swift; sourceTree = "<group>"; };
		2DFBD7CC2AA7480600BA5EBE /* AddExpenseView.swift */ = {isa = PBXFileReference; lastKnownFileType = sourcecode.swift; path = AddExpenseView.swift; sourceTree = "<group>"; };
/* End PBXFileReference section */

/* Begin PBXFrameworksBuildPhase section */
		2DFBD79E2AA7436800BA5EBE /* Frameworks */ = {
			isa = PBXFrameworksBuildPhase;
			buildActionMask = 2147483647;
			files = (
			);
			runOnlyForDeploymentPostprocessing = 0;
		};
/* End PBXFrameworksBuildPhase section */

/* Begin PBXGroup section */
		2DFBD7982AA7436800BA5EBE = {
			isa = PBXGroup;
			children = (
				2DFBD7A32AA7436800BA5EBE /* ListOfExpenses */,
				2DFBD7A22AA7436800BA5EBE /* Products */,
			);
			sourceTree = "<group>";
		};
		2DFBD7A22AA7436800BA5EBE /* Products */ = {
			isa = PBXGroup;
			children = (
				2DFBD7A12AA7436800BA5EBE /* ListOfExpenses.app */,
			);
			name = Products;
			sourceTree = "<group>";
		};
		2DFBD7A32AA7436800BA5EBE /* ListOfExpenses */ = {
			isa = PBXGroup;
			children = (
				2DFBD7C32AA7468000BA5EBE /* Info.plist */,
				2DFBD7B22AA7460800BA5EBE /* Resources */,
				2DFBD7B32AA7461800BA5EBE /* Models */,
				2DFBD7B42AA7462600BA5EBE /* ViewModels */,
				2DFBD7B52AA7463200BA5EBE /* Views */,
				2DFBD7A82AA7436A00BA5EBE /* Assets.xcassets */,
				2DFBD7A42AA7436800BA5EBE /* ListOfExpensesApp.swift */,
				2DFBD7AA2AA7436A00BA5EBE /* Preview Content */,
			);
			path = ListOfExpenses;
			sourceTree = "<group>";
		};
		2DFBD7AA2AA7436A00BA5EBE /* Preview Content */ = {
			isa = PBXGroup;
			children = (
				2DFBD7AB2AA7436A00BA5EBE /* Preview Assets.xcassets */,
			);
			path = "Preview Content";
			sourceTree = "<group>";
		};
		2DFBD7B22AA7460800BA5EBE /* Resources */ = {
			isa = PBXGroup;
			children = (
				2DFBD7B62AA7466700BA5EBE /* Fonts */,
			);
			path = Resources;
			sourceTree = "<group>";
		};
		2DFBD7B32AA7461800BA5EBE /* Models */ = {
			isa = PBXGroup;
			children = (
				2DFBD7C42AA7470C00BA5EBE /* ItemModel.swift */,
			);
			path = Models;
			sourceTree = "<group>";
		};
		2DFBD7B42AA7462600BA5EBE /* ViewModels */ = {
			isa = PBXGroup;
			children = (
				2DFBD7C62AA7475E00BA5EBE /* ListViewModel.swift */,
			);
			path = ViewModels;
			sourceTree = "<group>";
		};
		2DFBD7B52AA7463200BA5EBE /* Views */ = {
			isa = PBXGroup;
			children = (
				2DFBD7C82AA7479C00BA5EBE /* ListView.swift */,
				2DFBD7CA2AA747E100BA5EBE /* ListRowView.swift */,
				2DFBD7CC2AA7480600BA5EBE /* AddExpenseView.swift */,
				2D68586E2AA7529900A6A4FE /* EmptyListView.swift */,
			);
			path = Views;
			sourceTree = "<group>";
		};
		2DFBD7B62AA7466700BA5EBE /* Fonts */ = {
			isa = PBXGroup;
			children = (
				2DFBD7B82AA7466700BA5EBE /* SIL Open Font License.txt */,
				2DFBD7B72AA7466700BA5EBE /* Rubik-Bold.ttf */,
				2DFBD7B92AA7466700BA5EBE /* Rubik-Light.ttf */,
				2DFBD7BA2AA7466700BA5EBE /* Rubik-Medium.ttf */,
				2DFBD7BB2AA7466700BA5EBE /* Rubik-Black.ttf */,
				2DFBD7BC2AA7466700BA5EBE /* Rubik-Regular.ttf */,
			);
			path = Fonts;
			sourceTree = "<group>";
		};
/* End PBXGroup section */

/* Begin PBXNativeTarget section */
		2DFBD7A02AA7436800BA5EBE /* ListOfExpenses */ = {
			isa = PBXNativeTarget;
			buildConfigurationList = 2DFBD7AF2AA7436A00BA5EBE /* Build configuration list for PBXNativeTarget "ListOfExpenses" */;
			buildPhases = (
				2DFBD79D2AA7436800BA5EBE /* Sources */,
				2DFBD79E2AA7436800BA5EBE /* Frameworks */,
				2DFBD79F2AA7436800BA5EBE /* Resources */,
			);
			buildRules = (
			);
			dependencies = (
			);
			name = ListOfExpenses;
			productName = ListOfExpenses;
			productReference = 2DFBD7A12AA7436800BA5EBE /* ListOfExpenses.app */;
			productType = "com.apple.product-type.application";
		};
/* End PBXNativeTarget section */

/* Begin PBXProject section */
		2DFBD7992AA7436800BA5EBE /* Project object */ = {
			isa = PBXProject;
			attributes = {
				BuildIndependentTargetsInParallel = 1;
				LastSwiftUpdateCheck = 1430;
				LastUpgradeCheck = 1430;
				TargetAttributes = {
					2DFBD7A02AA7436800BA5EBE = {
						CreatedOnToolsVersion = 14.3.1;
					};
				};
			};
			buildConfigurationList = 2DFBD79C2AA7436800BA5EBE /* Build configuration list for PBXProject "ListOfExpenses" */;
			compatibilityVersion = "Xcode 14.0";
			developmentRegion = en;
			hasScannedForEncodings = 0;
			knownRegions = (
				en,
				Base,
			);
			mainGroup = 2DFBD7982AA7436800BA5EBE;
			productRefGroup = 2DFBD7A22AA7436800BA5EBE /* Products */;
			projectDirPath = "";
			projectRoot = "";
			targets = (
				2DFBD7A02AA7436800BA5EBE /* ListOfExpenses */,
			);
		};
/* End PBXProject section */

/* Begin PBXResourcesBuildPhase section */
		2DFBD79F2AA7436800BA5EBE /* Resources */ = {
			isa = PBXResourcesBuildPhase;
			buildActionMask = 2147483647;
			files = (
				2DFBD7AC2AA7436A00BA5EBE /* Preview Assets.xcassets in Resources */,
				2DFBD7C22AA7466700BA5EBE /* Rubik-Regular.ttf in Resources */,
				2DFBD7BD2AA7466700BA5EBE /* Rubik-Bold.ttf in Resources */,
				2DFBD7BF2AA7466700BA5EBE /* Rubik-Light.ttf in Resources */,
				2DFBD7C12AA7466700BA5EBE /* Rubik-Black.ttf in Resources */,
				2DFBD7C02AA7466700BA5EBE /* Rubik-Medium.ttf in Resources */,
				2DFBD7A92AA7436A00BA5EBE /* Assets.xcassets in Resources */,
				2DFBD7BE2AA7466700BA5EBE /* SIL Open Font License.txt in Resources */,
			);
			runOnlyForDeploymentPostprocessing = 0;
		};
/* End PBXResourcesBuildPhase section */

/* Begin PBXSourcesBuildPhase section */
		2DFBD79D2AA7436800BA5EBE /* Sources */ = {
			isa = PBXSourcesBuildPhase;
			buildActionMask = 2147483647;
			files = (
				2DFBD7C92AA7479C00BA5EBE /* ListView.swift in Sources */,
				2DFBD7C52AA7470C00BA5EBE /* ItemModel.swift in Sources */,
				2D68586F2AA7529900A6A4FE /* EmptyListView.swift in Sources */,
				2DFBD7CB2AA747E100BA5EBE /* ListRowView.swift in Sources */,
				2DFBD7CD2AA7480600BA5EBE /* AddExpenseView.swift in Sources */,
				2DFBD7C72AA7475E00BA5EBE /* ListViewModel.swift in Sources */,
				2DFBD7A52AA7436800BA5EBE /* ListOfExpensesApp.swift in Sources */,
			);
			runOnlyForDeploymentPostprocessing = 0;
		};
/* End PBXSourcesBuildPhase section */

/* Begin XCBuildConfiguration section */
		2DFBD7AD2AA7436A00BA5EBE /* Debug */ = {
			isa = XCBuildConfiguration;
			buildSettings = {
				ALWAYS_SEARCH_USER_PATHS = NO;
				CLANG_ANALYZER_NONNULL = YES;
				CLANG_ANALYZER_NUMBER_OBJECT_CONVERSION = YES_AGGRESSIVE;
				CLANG_CXX_LANGUAGE_STANDARD = "gnu++20";
				CLANG_ENABLE_MODULES = YES;
				CLANG_ENABLE_OBJC_ARC = YES;
				CLANG_ENABLE_OBJC_WEAK = YES;
				CLANG_WARN_BLOCK_CAPTURE_AUTORELEASING = YES;
				CLANG_WARN_BOOL_CONVERSION = YES;
				CLANG_WARN_COMMA = YES;
				CLANG_WARN_CONSTANT_CONVERSION = YES;
				CLANG_WARN_DEPRECATED_OBJC_IMPLEMENTATIONS = YES;
				CLANG_WARN_DIRECT_OBJC_ISA_USAGE = YES_ERROR;
				CLANG_WARN_DOCUMENTATION_COMMENTS = YES;
				CLANG_WARN_EMPTY_BODY = YES;
				CLANG_WARN_ENUM_CONVERSION = YES;
				CLANG_WARN_INFINITE_RECURSION = YES;
				CLANG_WARN_INT_CONVERSION = YES;
				CLANG_WARN_NON_LITERAL_NULL_CONVERSION = YES;
				CLANG_WARN_OBJC_IMPLICIT_RETAIN_SELF = YES;
				CLANG_WARN_OBJC_LITERAL_CONVERSION = YES;
				CLANG_WARN_OBJC_ROOT_CLASS = YES_ERROR;
				CLANG_WARN_QUOTED_INCLUDE_IN_FRAMEWORK_HEADER = YES;
				CLANG_WARN_RANGE_LOOP_ANALYSIS = YES;
				CLANG_WARN_STRICT_PROTOTYPES = YES;
				CLANG_WARN_SUSPICIOUS_MOVE = YES;
				CLANG_WARN_UNGUARDED_AVAILABILITY = YES_AGGRESSIVE;
				CLANG_WARN_UNREACHABLE_CODE = YES;
				CLANG_WARN__DUPLICATE_METHOD_MATCH = YES;
				COPY_PHASE_STRIP = NO;
				DEBUG_INFORMATION_FORMAT = dwarf;
				ENABLE_STRICT_OBJC_MSGSEND = YES;
				ENABLE_TESTABILITY = YES;
				GCC_C_LANGUAGE_STANDARD = gnu11;
				GCC_DYNAMIC_NO_PIC = NO;
				GCC_NO_COMMON_BLOCKS = YES;
				GCC_OPTIMIZATION_LEVEL = 0;
				GCC_PREPROCESSOR_DEFINITIONS = (
					"DEBUG=1",
					"$(inherited)",
				);
				GCC_WARN_64_TO_32_BIT_CONVERSION = YES;
				GCC_WARN_ABOUT_RETURN_TYPE = YES_ERROR;
				GCC_WARN_UNDECLARED_SELECTOR = YES;
				GCC_WARN_UNINITIALIZED_AUTOS = YES_AGGRESSIVE;
				GCC_WARN_UNUSED_FUNCTION = YES;
				GCC_WARN_UNUSED_VARIABLE = YES;
				IPHONEOS_DEPLOYMENT_TARGET = 16.4;
				MTL_ENABLE_DEBUG_INFO = INCLUDE_SOURCE;
				MTL_FAST_MATH = YES;
				ONLY_ACTIVE_ARCH = YES;
				SDKROOT = iphoneos;
				SWIFT_ACTIVE_COMPILATION_CONDITIONS = DEBUG;
				SWIFT_OPTIMIZATION_LEVEL = "-Onone";
			};
			name = Debug;
		};
		2DFBD7AE2AA7436A00BA5EBE /* Release */ = {
			isa = XCBuildConfiguration;
			buildSettings = {
				ALWAYS_SEARCH_USER_PATHS = NO;
				CLANG_ANALYZER_NONNULL = YES;
				CLANG_ANALYZER_NUMBER_OBJECT_CONVERSION = YES_AGGRESSIVE;
				CLANG_CXX_LANGUAGE_STANDARD = "gnu++20";
				CLANG_ENABLE_MODULES = YES;
				CLANG_ENABLE_OBJC_ARC = YES;
				CLANG_ENABLE_OBJC_WEAK = YES;
				CLANG_WARN_BLOCK_CAPTURE_AUTORELEASING = YES;
				CLANG_WARN_BOOL_CONVERSION = YES;
				CLANG_WARN_COMMA = YES;
				CLANG_WARN_CONSTANT_CONVERSION = YES;
				CLANG_WARN_DEPRECATED_OBJC_IMPLEMENTATIONS = YES;
				CLANG_WARN_DIRECT_OBJC_ISA_USAGE = YES_ERROR;
				CLANG_WARN_DOCUMENTATION_COMMENTS = YES;
				CLANG_WARN_EMPTY_BODY = YES;
				CLANG_WARN_ENUM_CONVERSION = YES;
				CLANG_WARN_INFINITE_RECURSION = YES;
				CLANG_WARN_INT_CONVERSION = YES;
				CLANG_WARN_NON_LITERAL_NULL_CONVERSION = YES;
				CLANG_WARN_OBJC_IMPLICIT_RETAIN_SELF = YES;
				CLANG_WARN_OBJC_LITERAL_CONVERSION = YES;
				CLANG_WARN_OBJC_ROOT_CLASS = YES_ERROR;
				CLANG_WARN_QUOTED_INCLUDE_IN_FRAMEWORK_HEADER = YES;
				CLANG_WARN_RANGE_LOOP_ANALYSIS = YES;
				CLANG_WARN_STRICT_PROTOTYPES = YES;
				CLANG_WARN_SUSPICIOUS_MOVE = YES;
				CLANG_WARN_UNGUARDED_AVAILABILITY = YES_AGGRESSIVE;
				CLANG_WARN_UNREACHABLE_CODE = YES;
				CLANG_WARN__DUPLICATE_METHOD_MATCH = YES;
				COPY_PHASE_STRIP = NO;
				DEBUG_INFORMATION_FORMAT = "dwarf-with-dsym";
				ENABLE_NS_ASSERTIONS = NO;
				ENABLE_STRICT_OBJC_MSGSEND = YES;
				GCC_C_LANGUAGE_STANDARD = gnu11;
				GCC_NO_COMMON_BLOCKS = YES;
				GCC_WARN_64_TO_32_BIT_CONVERSION = YES;
				GCC_WARN_ABOUT_RETURN_TYPE = YES_ERROR;
				GCC_WARN_UNDECLARED_SELECTOR = YES;
				GCC_WARN_UNINITIALIZED_AUTOS = YES_AGGRESSIVE;
				GCC_WARN_UNUSED_FUNCTION = YES;
				GCC_WARN_UNUSED_VARIABLE = YES;
				IPHONEOS_DEPLOYMENT_TARGET = 16.4;
				MTL_ENABLE_DEBUG_INFO = NO;
				MTL_FAST_MATH = YES;
				SDKROOT = iphoneos;
				SWIFT_COMPILATION_MODE = wholemodule;
				SWIFT_OPTIMIZATION_LEVEL = "-O";
				VALIDATE_PRODUCT = YES;
			};
			name = Release;
		};
		2DFBD7B02AA7436A00BA5EBE /* Debug */ = {
			isa = XCBuildConfiguration;
			buildSettings = {
				ASSETCATALOG_COMPILER_APPICON_NAME = AppIcon;
				ASSETCATALOG_COMPILER_GLOBAL_ACCENT_COLOR_NAME = AccentColor;
				CODE_SIGN_STYLE = Automatic;
				CURRENT_PROJECT_VERSION = 1;
				DEVELOPMENT_ASSET_PATHS = "\"ListOfExpenses/Preview Content\"";
				DEVELOPMENT_TEAM = A6776W2UML;
				ENABLE_PREVIEWS = YES;
				GENERATE_INFOPLIST_FILE = YES;
				INFOPLIST_FILE = ListOfExpenses/Info.plist;
				INFOPLIST_KEY_UIApplicationSceneManifest_Generation = YES;
				INFOPLIST_KEY_UIApplicationSupportsIndirectInputEvents = YES;
				INFOPLIST_KEY_UILaunchScreen_Generation = YES;
				INFOPLIST_KEY_UISupportedInterfaceOrientations_iPad = "UIInterfaceOrientationPortrait UIInterfaceOrientationPortraitUpsideDown UIInterfaceOrientationLandscapeLeft UIInterfaceOrientationLandscapeRight";
				INFOPLIST_KEY_UISupportedInterfaceOrientations_iPhone = "UIInterfaceOrientationPortrait UIInterfaceOrientationLandscapeLeft UIInterfaceOrientationLandscapeRight";
				LD_RUNPATH_SEARCH_PATHS = (
					"$(inherited)",
					"@executable_path/Frameworks",
				);
				MARKETING_VERSION = 1.0;
				PRODUCT_BUNDLE_IDENTIFIER = apple.TestStudent;
				PRODUCT_NAME = "$(TARGET_NAME)";
				SWIFT_EMIT_LOC_STRINGS = YES;
				SWIFT_VERSION = 5.0;
				TARGETED_DEVICE_FAMILY = "1,2";
			};
			name = Debug;
		};
		2DFBD7B12AA7436A00BA5EBE /* Release */ = {
			isa = XCBuildConfiguration;
			buildSettings = {
				ASSETCATALOG_COMPILER_APPICON_NAME = AppIcon;
				ASSETCATALOG_COMPILER_GLOBAL_ACCENT_COLOR_NAME = AccentColor;
				CODE_SIGN_STYLE = Automatic;
				CURRENT_PROJECT_VERSION = 1;
				DEVELOPMENT_ASSET_PATHS = "\"ListOfExpenses/Preview Content\"";
				DEVELOPMENT_TEAM = A6776W2UML;
				ENABLE_PREVIEWS = YES;
				GENERATE_INFOPLIST_FILE = YES;
				INFOPLIST_FILE = ListOfExpenses/Info.plist;
				INFOPLIST_KEY_UIApplicationSceneManifest_Generation = YES;
				INFOPLIST_KEY_UIApplicationSupportsIndirectInputEvents = YES;
				INFOPLIST_KEY_UILaunchScreen_Generation = YES;
				INFOPLIST_KEY_UISupportedInterfaceOrientations_iPad = "UIInterfaceOrientationPortrait UIInterfaceOrientationPortraitUpsideDown UIInterfaceOrientationLandscapeLeft UIInterfaceOrientationLandscapeRight";
				INFOPLIST_KEY_UISupportedInterfaceOrientations_iPhone = "UIInterfaceOrientationPortrait UIInterfaceOrientationLandscapeLeft UIInterfaceOrientationLandscapeRight";
				LD_RUNPATH_SEARCH_PATHS = (
					"$(inherited)",
					"@executable_path/Frameworks",
				);
				MARKETING_VERSION = 1.0;
				PRODUCT_BUNDLE_IDENTIFIER = apple.TestStudent;
				PRODUCT_NAME = "$(TARGET_NAME)";
				SWIFT_EMIT_LOC_STRINGS = YES;
				SWIFT_VERSION = 5.0;
				TARGETED_DEVICE_FAMILY = "1,2";
			};
			name = Release;
		};
/* End XCBuildConfiguration section */

/* Begin XCConfigurationList section */
		2DFBD79C2AA7436800BA5EBE /* Build configuration list for PBXProject "ListOfExpenses" */ = {
			isa = XCConfigurationList;
			buildConfigurations = (
				2DFBD7AD2AA7436A00BA5EBE /* Debug */,
				2DFBD7AE2AA7436A00BA5EBE /* Release */,
			);
			defaultConfigurationIsVisible = 0;
			defaultConfigurationName = Release;
		};
		2DFBD7AF2AA7436A00BA5EBE /* Build configuration list for PBXNativeTarget "ListOfExpenses" */ = {
			isa = XCConfigurationList;
			buildConfigurations = (
				2DFBD7B02AA7436A00BA5EBE /* Debug */,
				2DFBD7B12AA7436A00BA5EBE /* Release */,
			);
			defaultConfigurationIsVisible = 0;
			defaultConfigurationName = Release;
		};
/* End XCConfigurationList section */
	};
	rootObject = 2DFBD7992AA7436800BA5EBE /* Project object */;
}
